<?xml version="1.0" encoding="utf-8"?>
<Project ToolsVersion="4.0" xmlns="http://schemas.microsoft.com/developer/msbuild/2003">
  <ItemGroup>
    <Filter Include="Source Files">
      <UniqueIdentifier>{e0094bdf-0a8a-4bdf-97a0-5accc2134dae}</UniqueIdentifier>
      <Extensions>cpp;c;cxx;rc;def;r;odl;idl;hpj;bat</Extensions>
    </Filter>
    <Filter Include="Resource Files">
      <UniqueIdentifier>{fa60bcf4-e105-46d0-b339-a5bcc7fa332b}</UniqueIdentifier>
      <Extensions>ico;cur;bmp;dlg;rc2;rct;bin;rgs;gif;jpg;jpeg;jpe</Extensions>
    </Filter>
    <Filter Include="Header Files">
      <UniqueIdentifier>{99c371e4-a785-4830-a2d2-e27a0ef0f40f}</UniqueIdentifier>
      <Extensions>h;hpp;hxx;hm;inl</Extensions>
    </Filter>
  </ItemGroup>
  <ItemGroup>
    <ClCompile Include="..\COGDefuzzSetObj.cpp">
      <Filter>Source Files</Filter>
    </ClCompile>
    <ClCompile Include="..\COGDefuzzVarObj.cpp">
      <Filter>Source Files</Filter>
    </ClCompile>
    <ClCompile Include="..\DefuzzSetObj.cpp">
      <Filter>Source Files</Filter>
    </ClCompile>
    <ClCompile Include="..\DefuzzVarObj.cpp">
      <Filter>Source Files</Filter>
    </ClCompile>
    <ClCompile Include="..\FFLLAPI.cpp">
      <Filter>Source Files</Filter>
    </ClCompile>
    <ClCompile Include="..\FFLLBase.cpp">
      <Filter>Source Files</Filter>
    </ClCompile>
    <ClCompile Include="..\FuzzyModelBase.cpp">
      <Filter>Source Files</Filter>
    </ClCompile>
    <ClCompile Include="..\FuzzyOutSet.cpp">
      <Filter>Source Files</Filter>
    </ClCompile>
    <ClCompile Include="..\FuzzyOutVariable.cpp">
      <Filter>Source Files</Filter>
    </ClCompile>
    <ClCompile Include="..\FuzzySetBase.cpp">
      <Filter>Source Files</Filter>
    </ClCompile>
    <ClCompile Include="..\FuzzyVariableBase.cpp">
      <Filter>Source Files</Filter>
    </ClCompile>
    <ClCompile Include="..\MemberFuncBase.cpp">
      <Filter>Source Files</Filter>
    </ClCompile>
    <ClCompile Include="..\MemberFuncSCurve.cpp">
      <Filter>Source Files</Filter>
    </ClCompile>
    <ClCompile Include="..\MemberFuncSingle.cpp">
      <Filter>Source Files</Filter>
    </ClCompile>
    <ClCompile Include="..\MemberFuncTrap.cpp">
      <Filter>Source Files</Filter>
    </ClCompile>
    <ClCompile Include="..\MemberFuncTri.cpp">
      <Filter>Source Files</Filter>
    </ClCompile>
    <ClCompile Include="..\MOMDefuzzSetObj.cpp">
      <Filter>Source Files</Filter>
    </ClCompile>
    <ClCompile Include="..\MOMDefuzzVarObj.cpp">
      <Filter>Source Files</Filter>
    </ClCompile>
    <ClCompile Include="..\RuleArray.cpp">
      <Filter>Source Files</Filter>
    </ClCompile>
  </ItemGroup>
  <ItemGroup>
    <ResourceCompile Include="FFLLAPI.rc">
      <Filter>Resource Files</Filter>
    </ResourceCompile>
  </ItemGroup>
  <ItemGroup>
    <ClInclude Include="..\COGDefuzzSetObj.h">
      <Filter>Header Files</Filter>
    </ClInclude>
    <ClInclude Include="..\COGDefuzzVarObj.h">
      <Filter>Header Files</Filter>
    </ClInclude>
    <ClInclude Include="..\DefuzzSetObj.h">
      <Filter>Header Files</Filter>
    </ClInclude>
    <ClInclude Include="..\DefuzzVarObj.h">
      <Filter>Header Files</Filter>
    </ClInclude>
    <ClInclude Include="..\FFLLAPI.h">
      <Filter>Header Files</Filter>
    </ClInclude>
    <ClInclude Include="..\FFLLBase.h">
      <Filter>Header Files</Filter>
    </ClInclude>
    <ClInclude Include="..\FuzzyModelBase.h">
      <Filter>Header Files</Filter>
    </ClInclude>
    <ClInclude Include="..\FuzzyOutSet.h">
      <Filter>Header Files</Filter>
    </ClInclude>
    <ClInclude Include="..\FuzzyOutVariable.h">
      <Filter>Header Files</Filter>
    </ClInclude>
    <ClInclude Include="..\FuzzySetBase.h">
      <Filter>Header Files</Filter>
    </ClInclude>
    <ClInclude Include="..\FuzzyVariableBase.h">
      <Filter>Header Files</Filter>
    </ClInclude>
    <ClInclude Include="..\MemberFuncBase.h">
      <Filter>Header Files</Filter>
    </ClInclude>
    <ClInclude Include="..\MemberFuncSCurve.h">
      <Filter>Header Files</Filter>
    </ClInclude>
    <ClInclude Include="..\MemberFuncSingle.h">
      <Filter>Header Files</Filter>
    </ClInclude>
    <ClInclude Include="..\MemberFuncTrap.h">
      <Filter>Header Files</Filter>
    </ClInclude>
    <ClInclude Include="..\MemberFuncTri.h">
      <Filter>Header Files</Filter>
    </ClInclude>
    <ClInclude Include="..\MOMDefuzzSetObj.h">
      <Filter>Header Files</Filter>
    </ClInclude>
    <ClInclude Include="..\MOMDefuzzVarObj.h">
      <Filter>Header Files</Filter>
    </ClInclude>
    <ClInclude Include="..\RuleArray.h">
      <Filter>Header Files</Filter>
    </ClInclude>
  </ItemGroup>
  <ItemGroup>
    <CustomBuild Include="..\FFLLAPI.def">
      <Filter>Source Files</Filter>
    </CustomBuild>
  </ItemGroup>
</Project>